
Microsoft Visual Studio Solution File, Format Version 12.00
# Visual Studio Version 16
VisualStudioVersion = 16.0.29728.190
MinimumVisualStudioVersion = 10.0.40219.1
Project("{9A19103F-16F7-4668-BE54-9A1E7A4F7556}") = "FEngLib", "FEngLib\FEngLib.csproj", "{52976D61-7019-4B7C-B939-835E35739063}"
EndProject
Project("{9A19103F-16F7-4668-BE54-9A1E7A4F7556}") = "FEngCli", "FEngCli\FEngCli.csproj", "{146FE215-25BC-4AA6-9546-B6E8CC9C163A}"
EndProject
Project("{9A19103F-16F7-4668-BE54-9A1E7A4F7556}") = "FEngTestBench", "FEngTestBench\FEngTestBench.csproj", "{A6E4B7E2-A217-4EE5-B2A4-9CFCF7ABE084}"
EndProject
Project("{FAE04EC0-301F-11D3-BF4B-00C04F79EFBC}") = "FEngRender", "FEngRender\FEngRender.csproj", "{CBCF4BDA-B2F5-490C-9ECF-69E0EDC0D3CC}"
EndProject
Project("{FAE04EC0-301F-11D3-BF4B-00C04F79EFBC}") = "FEngViewer", "FEngViewer\FEngViewer.csproj", "{41331FD7-E2D2-4CA7-86D8-774F03DB6409}"
EndProject
Project("{FAE04EC0-301F-11D3-BF4B-00C04F79EFBC}") = "OpenTK.WinForms", "OpenTK.GLControl\OpenTK.WinForms\OpenTK.WinForms.csproj", "{6CC3D87E-8AB3-4D54-92FA-637D8229D6F0}"
EndProject
Project("{FAE04EC0-301F-11D3-BF4B-00C04F79EFBC}") = "FEngRender.GL", "FEngRender.GL\FEngRender.GL.csproj", "{7A41DB9F-2F8C-4F8F-8296-814FCD953318}"
EndProject
Project("{FAE04EC0-301F-11D3-BF4B-00C04F79EFBC}") = "ATFControls", "ATFControls\ATFControls.csproj", "{718584BC-94C6-4EC0-B6A5-22FE7AFC9158}"
EndProject
Global
	GlobalSection(SolutionConfigurationPlatforms) = preSolution
		Debug|Any CPU = Debug|Any CPU
		Debug|x86 = Debug|x86
		Release|Any CPU = Release|Any CPU
		Release|x86 = Release|x86
	EndGlobalSection
	GlobalSection(ProjectConfigurationPlatforms) = postSolution
		{52976D61-7019-4B7C-B939-835E35739063}.Debug|Any CPU.ActiveCfg = Debug|Any CPU
		{52976D61-7019-4B7C-B939-835E35739063}.Debug|Any CPU.Build.0 = Debug|Any CPU
		{52976D61-7019-4B7C-B939-835E35739063}.Debug|x86.ActiveCfg = Debug|x86
		{52976D61-7019-4B7C-B939-835E35739063}.Debug|x86.Build.0 = Debug|x86
		{52976D61-7019-4B7C-B939-835E35739063}.Release|Any CPU.ActiveCfg = Release|Any CPU
		{52976D61-7019-4B7C-B939-835E35739063}.Release|Any CPU.Build.0 = Release|Any CPU
		{52976D61-7019-4B7C-B939-835E35739063}.Release|x86.ActiveCfg = Release|x86
		{52976D61-7019-4B7C-B939-835E35739063}.Release|x86.Build.0 = Release|x86
		{146FE215-25BC-4AA6-9546-B6E8CC9C163A}.Debug|Any CPU.ActiveCfg = Debug|Any CPU
		{146FE215-25BC-4AA6-9546-B6E8CC9C163A}.Debug|Any CPU.Build.0 = Debug|Any CPU
		{146FE215-25BC-4AA6-9546-B6E8CC9C163A}.Debug|x86.ActiveCfg = Debug|x86
		{146FE215-25BC-4AA6-9546-B6E8CC9C163A}.Debug|x86.Build.0 = Debug|x86
		{146FE215-25BC-4AA6-9546-B6E8CC9C163A}.Release|Any CPU.ActiveCfg = Release|Any CPU
		{146FE215-25BC-4AA6-9546-B6E8CC9C163A}.Release|Any CPU.Build.0 = Release|Any CPU
		{146FE215-25BC-4AA6-9546-B6E8CC9C163A}.Release|x86.ActiveCfg = Release|x86
		{146FE215-25BC-4AA6-9546-B6E8CC9C163A}.Release|x86.Build.0 = Release|x86
		{A6E4B7E2-A217-4EE5-B2A4-9CFCF7ABE084}.Debug|Any CPU.ActiveCfg = Debug|Any CPU
		{A6E4B7E2-A217-4EE5-B2A4-9CFCF7ABE084}.Debug|Any CPU.Build.0 = Debug|Any CPU
		{A6E4B7E2-A217-4EE5-B2A4-9CFCF7ABE084}.Debug|x86.ActiveCfg = Debug|x86
		{A6E4B7E2-A217-4EE5-B2A4-9CFCF7ABE084}.Debug|x86.Build.0 = Debug|x86
		{A6E4B7E2-A217-4EE5-B2A4-9CFCF7ABE084}.Release|Any CPU.ActiveCfg = Release|Any CPU
		{A6E4B7E2-A217-4EE5-B2A4-9CFCF7ABE084}.Release|Any CPU.Build.0 = Release|Any CPU
		{A6E4B7E2-A217-4EE5-B2A4-9CFCF7ABE084}.Release|x86.ActiveCfg = Release|x86
		{A6E4B7E2-A217-4EE5-B2A4-9CFCF7ABE084}.Release|x86.Build.0 = Release|x86
		{CBCF4BDA-B2F5-490C-9ECF-69E0EDC0D3CC}.Debug|Any CPU.ActiveCfg = Debug|Any CPU
		{CBCF4BDA-B2F5-490C-9ECF-69E0EDC0D3CC}.Debug|Any CPU.Build.0 = Debug|Any CPU
		{CBCF4BDA-B2F5-490C-9ECF-69E0EDC0D3CC}.Debug|x86.ActiveCfg = Debug|Any CPU
		{CBCF4BDA-B2F5-490C-9ECF-69E0EDC0D3CC}.Debug|x86.Build.0 = Debug|Any CPU
		{CBCF4BDA-B2F5-490C-9ECF-69E0EDC0D3CC}.Release|Any CPU.ActiveCfg = Release|Any CPU
		{CBCF4BDA-B2F5-490C-9ECF-69E0EDC0D3CC}.Release|Any CPU.Build.0 = Release|Any CPU
		{CBCF4BDA-B2F5-490C-9ECF-69E0EDC0D3CC}.Release|x86.ActiveCfg = Release|Any CPU
		{CBCF4BDA-B2F5-490C-9ECF-69E0EDC0D3CC}.Release|x86.Build.0 = Release|Any CPU
		{41331FD7-E2D2-4CA7-86D8-774F03DB6409}.Debug|Any CPU.ActiveCfg = Debug|Any CPU
		{41331FD7-E2D2-4CA7-86D8-774F03DB6409}.Debug|Any CPU.Build.0 = Debug|Any CPU
		{41331FD7-E2D2-4CA7-86D8-774F03DB6409}.Debug|x86.ActiveCfg = Debug|Any CPU
		{41331FD7-E2D2-4CA7-86D8-774F03DB6409}.Debug|x86.Build.0 = Debug|Any CPU
		{41331FD7-E2D2-4CA7-86D8-774F03DB6409}.Release|Any CPU.ActiveCfg = Release|Any CPU
		{41331FD7-E2D2-4CA7-86D8-774F03DB6409}.Release|Any CPU.Build.0 = Release|Any CPU
		{41331FD7-E2D2-4CA7-86D8-774F03DB6409}.Release|x86.ActiveCfg = Release|Any CPU
		{41331FD7-E2D2-4CA7-86D8-774F03DB6409}.Release|x86.Build.0 = Release|Any CPU
		{6CC3D87E-8AB3-4D54-92FA-637D8229D6F0}.Debug|Any CPU.ActiveCfg = Debug|Any CPU
		{6CC3D87E-8AB3-4D54-92FA-637D8229D6F0}.Debug|Any CPU.Build.0 = Debug|Any CPU
		{6CC3D87E-8AB3-4D54-92FA-637D8229D6F0}.Debug|x86.ActiveCfg = Debug|Any CPU
		{6CC3D87E-8AB3-4D54-92FA-637D8229D6F0}.Debug|x86.Build.0 = Debug|Any CPU
		{6CC3D87E-8AB3-4D54-92FA-637D8229D6F0}.Release|Any CPU.ActiveCfg = Release|Any CPU
		{6CC3D87E-8AB3-4D54-92FA-637D8229D6F0}.Release|Any CPU.Build.0 = Release|Any CPU
		{6CC3D87E-8AB3-4D54-92FA-637D8229D6F0}.Release|x86.ActiveCfg = Release|Any CPU
		{6CC3D87E-8AB3-4D54-92FA-637D8229D6F0}.Release|x86.Build.0 = Release|Any CPU
		{7A41DB9F-2F8C-4F8F-8296-814FCD953318}.Debug|Any CPU.ActiveCfg = Debug|Any CPU
		{7A41DB9F-2F8C-4F8F-8296-814FCD953318}.Debug|Any CPU.Build.0 = Debug|Any CPU
		{7A41DB9F-2F8C-4F8F-8296-814FCD953318}.Debug|x86.ActiveCfg = Debug|Any CPU
		{7A41DB9F-2F8C-4F8F-8296-814FCD953318}.Debug|x86.Build.0 = Debug|Any CPU
		{7A41DB9F-2F8C-4F8F-8296-814FCD953318}.Release|Any CPU.ActiveCfg = Release|Any CPU
		{7A41DB9F-2F8C-4F8F-8296-814FCD953318}.Release|Any CPU.Build.0 = Release|Any CPU
		{7A41DB9F-2F8C-4F8F-8296-814FCD953318}.Release|x86.ActiveCfg = Release|Any CPU
		{7A41DB9F-2F8C-4F8F-8296-814FCD953318}.Release|x86.Build.0 = Release|Any CPU
		{718584BC-94C6-4EC0-B6A5-22FE7AFC9158}.Debug|Any CPU.ActiveCfg = Debug|Any CPU
		{718584BC-94C6-4EC0-B6A5-22FE7AFC9158}.Debug|Any CPU.Build.0 = Debug|Any CPU
		{718584BC-94C6-4EC0-B6A5-22FE7AFC9158}.Debug|x86.ActiveCfg = Debug|Any CPU
		{718584BC-94C6-4EC0-B6A5-22FE7AFC9158}.Debug|x86.Build.0 = Debug|Any CPU
		{718584BC-94C6-4EC0-B6A5-22FE7AFC9158}.Release|Any CPU.ActiveCfg = Release|Any CPU
		{718584BC-94C6-4EC0-B6A5-22FE7AFC9158}.Release|Any CPU.Build.0 = Release|Any CPU
		{718584BC-94C6-4EC0-B6A5-22FE7AFC9158}.Release|x86.ActiveCfg = Release|Any CPU
		{718584BC-94C6-4EC0-B6A5-22FE7AFC9158}.Release|x86.Build.0 = Release|Any CPU
	EndGlobalSection
	GlobalSection(SolutionProperties) = preSolution
		HideSolutionNode = FALSE
	EndGlobalSection
	GlobalSection(ExtensibilityGlobals) = postSolution
		SolutionGuid = {3BBC7AAD-156D-4FAF-B5AB-3347E5B63A6D}
	EndGlobalSection
EndGlobal
