
Microsoft Visual Studio Solution File, Format Version 12.00
# Visual Studio Version 16
VisualStudioVersion = 16.0.29728.190
MinimumVisualStudioVersion = 10.0.40219.1
Project("{9A19103F-16F7-4668-BE54-9A1E7A4F7556}") = "FEngLib", "FEngLib\FEngLib.csproj", "{52976D61-7019-4B7C-B939-835E35739063}"
EndProject
Project("{9A19103F-16F7-4668-BE54-9A1E7A4F7556}") = "FEngTestLoader", "FEngTestLoader\FEngTestLoader.csproj", "{C5EE62A5-214F-4C85-9283-91C5A234C481}"
EndProject
Global
	GlobalSection(SolutionConfigurationPlatforms) = preSolution
		Debug|Any CPU = Debug|Any CPU
		Debug|x86 = Debug|x86
		Release|Any CPU = Release|Any CPU
		Release|x86 = Release|x86
	EndGlobalSection
	GlobalSection(ProjectConfigurationPlatforms) = postSolution
		{52976D61-7019-4B7C-B939-835E35739063}.Debug|Any CPU.ActiveCfg = Debug|x86
		{52976D61-7019-4B7C-B939-835E35739063}.Debug|x86.ActiveCfg = Debug|x86
		{52976D61-7019-4B7C-B939-835E35739063}.Debug|x86.Build.0 = Debug|x86
		{52976D61-7019-4B7C-B939-835E35739063}.Release|Any CPU.ActiveCfg = Release|x86
		{52976D61-7019-4B7C-B939-835E35739063}.Release|x86.ActiveCfg = Release|x86
		{52976D61-7019-4B7C-B939-835E35739063}.Release|x86.Build.0 = Release|x86
		{C5EE62A5-214F-4C85-9283-91C5A234C481}.Debug|Any CPU.ActiveCfg = Debug|x86
		{C5EE62A5-214F-4C85-9283-91C5A234C481}.Debug|x86.ActiveCfg = Debug|x86
		{C5EE62A5-214F-4C85-9283-91C5A234C481}.Debug|x86.Build.0 = Debug|x86
		{C5EE62A5-214F-4C85-9283-91C5A234C481}.Release|Any CPU.ActiveCfg = Release|x86
		{C5EE62A5-214F-4C85-9283-91C5A234C481}.Release|x86.ActiveCfg = Release|x86
		{C5EE62A5-214F-4C85-9283-91C5A234C481}.Release|x86.Build.0 = Release|x86
	EndGlobalSection
	GlobalSection(SolutionProperties) = preSolution
		HideSolutionNode = FALSE
	EndGlobalSection
	GlobalSection(ExtensibilityGlobals) = postSolution
		SolutionGuid = {3BBC7AAD-156D-4FAF-B5AB-3347E5B63A6D}
	EndGlobalSection
EndGlobal
